
Microsoft Visual Studio Solution File, Format Version 12.00
# Visual Studio Version 17
VisualStudioVersion = 17.10.35122.118
MinimumVisualStudioVersion = 10.0.40219.1
Project("{FAE04EC0-301F-11D3-BF4B-00C04F79EFBC}") = "IfElseFootSize", "IfElseFootSize\IfElseFootSize.csproj", "{259E4179-907A-49EB-8F64-15BFA8D1086B}"
EndProject
Global
	GlobalSection(SolutionConfigurationPlatforms) = preSolution
		Debug|Any CPU = Debug|Any CPU
		Release|Any CPU = Release|Any CPU
	EndGlobalSection
	GlobalSection(ProjectConfigurationPlatforms) = postSolution
		{259E4179-907A-49EB-8F64-15BFA8D1086B}.Debug|Any CPU.ActiveCfg = Debug|Any CPU
		{259E4179-907A-49EB-8F64-15BFA8D1086B}.Debug|Any CPU.Build.0 = Debug|Any CPU
		{259E4179-907A-49EB-8F64-15BFA8D1086B}.Release|Any CPU.ActiveCfg = Release|Any CPU
		{259E4179-907A-49EB-8F64-15BFA8D1086B}.Release|Any CPU.Build.0 = Release|Any CPU
	EndGlobalSection
	GlobalSection(SolutionProperties) = preSolution
		HideSolutionNode = FALSE
	EndGlobalSection
	GlobalSection(ExtensibilityGlobals) = postSolution
		SolutionGuid = {486B018D-8CD7-42CF-BDD2-0AC87F3E3F04}
	EndGlobalSection
EndGlobal
