
Microsoft Visual Studio Solution File, Format Version 12.00
# Visual Studio Version 17
VisualStudioVersion = 17.10.35122.118
MinimumVisualStudioVersion = 10.0.40219.1
Project("{FAE04EC0-301F-11D3-BF4B-00C04F79EFBC}") = "CalculatorSwitch", "CalculatorSwitch\CalculatorSwitch.csproj", "{07C396DC-6FC8-4C0A-A35A-A2052558C1F3}"
EndProject
Global
	GlobalSection(SolutionConfigurationPlatforms) = preSolution
		Debug|Any CPU = Debug|Any CPU
		Release|Any CPU = Release|Any CPU
	EndGlobalSection
	GlobalSection(ProjectConfigurationPlatforms) = postSolution
		{07C396DC-6FC8-4C0A-A35A-A2052558C1F3}.Debug|Any CPU.ActiveCfg = Debug|Any CPU
		{07C396DC-6FC8-4C0A-A35A-A2052558C1F3}.Debug|Any CPU.Build.0 = Debug|Any CPU
		{07C396DC-6FC8-4C0A-A35A-A2052558C1F3}.Release|Any CPU.ActiveCfg = Release|Any CPU
		{07C396DC-6FC8-4C0A-A35A-A2052558C1F3}.Release|Any CPU.Build.0 = Release|Any CPU
	EndGlobalSection
	GlobalSection(SolutionProperties) = preSolution
		HideSolutionNode = FALSE
	EndGlobalSection
	GlobalSection(ExtensibilityGlobals) = postSolution
		SolutionGuid = {3E222B54-515D-4FA3-AEA1-E82C44B3B18B}
	EndGlobalSection
EndGlobal
