
Microsoft Visual Studio Solution File, Format Version 12.00
# Visual Studio Version 17
VisualStudioVersion = 17.10.35122.118
MinimumVisualStudioVersion = 10.0.40219.1
Project("{FAE04EC0-301F-11D3-BF4B-00C04F79EFBC}") = "MethobCall", "MethobCall\MethobCall.csproj", "{B586B00E-92E8-49D7-8095-B9F71861CFFB}"
EndProject
Global
	GlobalSection(SolutionConfigurationPlatforms) = preSolution
		Debug|Any CPU = Debug|Any CPU
		Release|Any CPU = Release|Any CPU
	EndGlobalSection
	GlobalSection(ProjectConfigurationPlatforms) = postSolution
		{B586B00E-92E8-49D7-8095-B9F71861CFFB}.Debug|Any CPU.ActiveCfg = Debug|Any CPU
		{B586B00E-92E8-49D7-8095-B9F71861CFFB}.Debug|Any CPU.Build.0 = Debug|Any CPU
		{B586B00E-92E8-49D7-8095-B9F71861CFFB}.Release|Any CPU.ActiveCfg = Release|Any CPU
		{B586B00E-92E8-49D7-8095-B9F71861CFFB}.Release|Any CPU.Build.0 = Release|Any CPU
	EndGlobalSection
	GlobalSection(SolutionProperties) = preSolution
		HideSolutionNode = FALSE
	EndGlobalSection
	GlobalSection(ExtensibilityGlobals) = postSolution
		SolutionGuid = {7E074AD3-E3C0-474E-8E90-DCA125527C7C}
	EndGlobalSection
EndGlobal
