
Microsoft Visual Studio Solution File, Format Version 12.00
# Visual Studio Version 17
VisualStudioVersion = 17.10.35122.118
MinimumVisualStudioVersion = 10.0.40219.1
Project("{FAE04EC0-301F-11D3-BF4B-00C04F79EFBC}") = "KohvikSwitch", "KohvikSwitch\KohvikSwitch.csproj", "{4BB20D47-7A3A-4325-AC4F-CA3769F4097D}"
EndProject
Global
	GlobalSection(SolutionConfigurationPlatforms) = preSolution
		Debug|Any CPU = Debug|Any CPU
		Release|Any CPU = Release|Any CPU
	EndGlobalSection
	GlobalSection(ProjectConfigurationPlatforms) = postSolution
		{4BB20D47-7A3A-4325-AC4F-CA3769F4097D}.Debug|Any CPU.ActiveCfg = Debug|Any CPU
		{4BB20D47-7A3A-4325-AC4F-CA3769F4097D}.Debug|Any CPU.Build.0 = Debug|Any CPU
		{4BB20D47-7A3A-4325-AC4F-CA3769F4097D}.Release|Any CPU.ActiveCfg = Release|Any CPU
		{4BB20D47-7A3A-4325-AC4F-CA3769F4097D}.Release|Any CPU.Build.0 = Release|Any CPU
	EndGlobalSection
	GlobalSection(SolutionProperties) = preSolution
		HideSolutionNode = FALSE
	EndGlobalSection
	GlobalSection(ExtensibilityGlobals) = postSolution
		SolutionGuid = {6DEE07DD-5477-4076-A3E9-E7F653BCE53C}
	EndGlobalSection
EndGlobal
